Microsoft Visual Studio Solution File, Format Version 12.00
# Visual Studio Version 17
VisualStudioVersion = 17.5.2.0
MinimumVisualStudioVersion = 10.0.40219.1
Project("{FAE04EC0-301F-11D3-BF4B-00C04F79EFBC}") = "Trabalhando com arquivos", "Trabalhando com arquivos.csproj", "{F90C5825-15D9-A2C3-5884-73744F0253A3}"
EndProject
Project("{FAE04EC0-301F-11D3-BF4B-00C04F79EFBC}") = "ByteBankIO", "ByteBankIO\ByteBankIO.csproj", "{4145D068-66A6-1CD4-0454-94FBC51C479D}"
EndProject
Global
	GlobalSection(SolutionConfigurationPlatforms) = preSolution
		Debug|Any CPU = Debug|Any CPU
		Release|Any CPU = Release|Any CPU
	EndGlobalSection
	GlobalSection(ProjectConfigurationPlatforms) = postSolution
		{F90C5825-15D9-A2C3-5884-73744F0253A3}.Debug|Any CPU.ActiveCfg = Debug|Any CPU
		{F90C5825-15D9-A2C3-5884-73744F0253A3}.Debug|Any CPU.Build.0 = Debug|Any CPU
		{F90C5825-15D9-A2C3-5884-73744F0253A3}.Release|Any CPU.ActiveCfg = Release|Any CPU
		{F90C5825-15D9-A2C3-5884-73744F0253A3}.Release|Any CPU.Build.0 = Release|Any CPU
		{4145D068-66A6-1CD4-0454-94FBC51C479D}.Debug|Any CPU.ActiveCfg = Debug|Any CPU
		{4145D068-66A6-1CD4-0454-94FBC51C479D}.Debug|Any CPU.Build.0 = Debug|Any CPU
		{4145D068-66A6-1CD4-0454-94FBC51C479D}.Release|Any CPU.ActiveCfg = Release|Any CPU
		{4145D068-66A6-1CD4-0454-94FBC51C479D}.Release|Any CPU.Build.0 = Release|Any CPU
	EndGlobalSection
	GlobalSection(SolutionProperties) = preSolution
		HideSolutionNode = FALSE
	EndGlobalSection
	GlobalSection(ExtensibilityGlobals) = postSolution
		SolutionGuid = {68C29EA6-F152-4D5A-8746-A824E0E58437}
	EndGlobalSection
EndGlobal
